
Microsoft Visual Studio Solution File, Format Version 12.00
# Visual Studio Version 16
VisualStudioVersion = 16.0.30517.126
MinimumVisualStudioVersion = 10.0.40219.1
Project("{FAE04EC0-301F-11D3-BF4B-00C04F79EFBC}") = "Tinhtoan2so", "Tinhtoan2so.csproj", "{6880DD42-4201-4955-9C05-D2CADB15461D}"
EndProject
Global
	GlobalSection(SolutionConfigurationPlatforms) = preSolution
		Debug|Any CPU = Debug|Any CPU
		Release|Any CPU = Release|Any CPU
	EndGlobalSection
	GlobalSection(ProjectConfigurationPlatforms) = postSolution
		{6880DD42-4201-4955-9C05-D2CADB15461D}.Debug|Any CPU.ActiveCfg = Debug|Any CPU
		{6880DD42-4201-4955-9C05-D2CADB15461D}.Debug|Any CPU.Build.0 = Debug|Any CPU
		{6880DD42-4201-4955-9C05-D2CADB15461D}.Release|Any CPU.ActiveCfg = Release|Any CPU
		{6880DD42-4201-4955-9C05-D2CADB15461D}.Release|Any CPU.Build.0 = Release|Any CPU
	EndGlobalSection
	GlobalSection(SolutionProperties) = preSolution
		HideSolutionNode = FALSE
	EndGlobalSection
	GlobalSection(ExtensibilityGlobals) = postSolution
		SolutionGuid = {5EF78569-1550-4C55-B0C1-6B491467CA65}
	EndGlobalSection
EndGlobal
